# This file is automatically @generated by Cargo.
# It is not intended for manual editing.
[[package]]
name = "archery"
version = "0.3.0"
source = "registry+https://github.com/rust-lang/crates.io-index"
checksum = "d308d8fa3f687f7a7588fccc4812ed6914be09518232f00454693a7417273ad2"
dependencies = [
 "static_assertions",
]

[[package]]
name = "fang"
version = "0.1.0"
dependencies = [
 "indented",
 "rpds",
]

[[package]]
name = "indented"
version = "0.1.0"
source = "registry+https://github.com/rust-lang/crates.io-index"
checksum = "5e7dcbfe0e83f0f757cdaea15d49cad72918fdec1bc9b0ace04268d382d2e1c6"

[[package]]
name = "rpds"
version = "0.7.0"
source = "registry+https://github.com/rust-lang/crates.io-index"
checksum = "1196a0a2f52d343bd32179834273eaac7d8739f7e3f8b700227d2fa06b9a423b"
dependencies = [
 "archery",
]

[[package]]
name = "static_assertions"
version = "0.3.4"
source = "registry+https://github.com/rust-lang/crates.io-index"
checksum = "7f3eb36b47e512f8f1c9e3d10c2c1965bc992bd9cdb024fa581e2194501c83d3"
